{
  "nodes": {
    "nixpkgs": {
      "locked": {
        "lastModified": 1737372560,
        "narHash": "sha256-TB6pHP0u5w+6q0e7Z8TIIo+KU9ZLuHQa4330eLdY1MA=",
        "owner": "NixOS",
        "repo": "nixpkgs",
        "rev": "436d773452725d7e2c35e685dbe7efe8ab689ad3",
        "type": "github"
      },
      "original": {
        "owner": "NixOS",
        "ref": "release-24.11",
        "repo": "nixpkgs",
        "type": "github"
      }
    },
    "root": {
      "inputs": {
        "nixpkgs": "nixpkgs"
      }
    }
  },
  "root": "root",
  "version": 7
}
